// !$*UTF8*$!
{
	archiveVersion = 1;
	classes = {
	};
	objectVersion = 46;
	objects = {

/* Begin PBXBuildFile section */
		18329CEE1E10F63600786F3C /* AppDelegate.m in Sources */ = {isa = PBXBuildFile; fileRef = 18329CE01E10F63600786F3C /* AppDelegate.m */; };
		18329CEF1E10F63600786F3C /* Info.plist in Resources */ = {isa = PBXBuildFile; fileRef = 18329CE11E10F63600786F3C /* Info.plist */; };
		18329CF01E10F63600786F3C /* ModelImageInfo.m in Sources */ = {isa = PBXBuildFile; fileRef = 18329CE31E10F63600786F3C /* ModelImageInfo.m */; };
		18329CF11E10F63600786F3C /* ViewController.m in Sources */ = {isa = PBXBuildFile; fileRef = 18329CE51E10F63600786F3C /* ViewController.m */; };
		18329CF31E10F63600786F3C /* main.m in Sources */ = {isa = PBXBuildFile; fileRef = 18329CE71E10F63600786F3C /* main.m */; };
		18329CF41E10F63600786F3C /* Assets.xcassets in Resources */ = {isa = PBXBuildFile; fileRef = 18329CE81E10F63600786F3C /* Assets.xcassets */; };
		18329CF51E10F63600786F3C /* LaunchScreen.storyboard in Resources */ = {isa = PBXBuildFile; fileRef = 18329CEA1E10F63600786F3C /* LaunchScreen.storyboard */; };
		18329CF61E10F63600786F3C /* Main.storyboard in Resources */ = {isa = PBXBuildFile; fileRef = 18329CEC1E10F63600786F3C /* Main.storyboard */; };
		18329CF91E10F6B900786F3C /* Pods-UploadImageToComputer.release.xcconfig in Resources */ = {isa = PBXBuildFile; fileRef = 18329CF71E10F6B900786F3C /* Pods-UploadImageToComputer.release.xcconfig */; };
		18329CFA1E10F6B900786F3C /* Pods-UploadImageToComputer.debug.xcconfig in Resources */ = {isa = PBXBuildFile; fileRef = 18329CF81E10F6B900786F3C /* Pods-UploadImageToComputer.debug.xcconfig */; };
		189354741E0BA89C006073EB /* Photos.framework in Frameworks */ = {isa = PBXBuildFile; fileRef = 189354731E0BA89C006073EB /* Photos.framework */; };
/* End PBXBuildFile section */

/* Begin PBXFileReference section */
		18329CDF1E10F63600786F3C /* AppDelegate.h */ = {isa = PBXFileReference; fileEncoding = 4; lastKnownFileType = sourcecode.c.h; path = AppDelegate.h; sourceTree = "<group>"; };
		18329CE01E10F63600786F3C /* AppDelegate.m */ = {isa = PBXFileReference; fileEncoding = 4; lastKnownFileType = sourcecode.c.objc; path = AppDelegate.m; sourceTree = "<group>"; };
		18329CE11E10F63600786F3C /* Info.plist */ = {isa = PBXFileReference; fileEncoding = 4; lastKnownFileType = text.plist.xml; path = Info.plist; sourceTree = "<group>"; };
		18329CE21E10F63600786F3C /* ModelImageInfo.h */ = {isa = PBXFileReference; fileEncoding = 4; lastKnownFileType = sourcecode.c.h; path = ModelImageInfo.h; sourceTree = "<group>"; };
		18329CE31E10F63600786F3C /* ModelImageInfo.m */ = {isa = PBXFileReference; fileEncoding = 4; lastKnownFileType = sourcecode.c.objc; path = ModelImageInfo.m; sourceTree = "<group>"; };
		18329CE41E10F63600786F3C /* ViewController.h */ = {isa = PBXFileReference; fileEncoding = 4; lastKnownFileType = sourcecode.c.h; path = ViewController.h; sourceTree = "<group>"; };
		18329CE51E10F63600786F3C /* ViewController.m */ = {isa = PBXFileReference; fileEncoding = 4; lastKnownFileType = sourcecode.c.objc; path = ViewController.m; sourceTree = "<group>"; };
		18329CE71E10F63600786F3C /* main.m */ = {isa = PBXFileReference; fileEncoding = 4; lastKnownFileType = sourcecode.c.objc; path = main.m; sourceTree = "<group>"; };
		18329CE81E10F63600786F3C /* Assets.xcassets */ = {isa = PBXFileReference; lastKnownFileType = folder.assetcatalog; path = Assets.xcassets; sourceTree = "<group>"; };
		18329CEB1E10F63600786F3C /* Base */ = {isa = PBXFileReference; lastKnownFileType = file.storyboard; name = Base; path = LaunchScreen.storyboard; sourceTree = "<group>"; };
		18329CED1E10F63600786F3C /* Base */ = {isa = PBXFileReference; lastKnownFileType = file.storyboard; name = Base; path = Main.storyboard; sourceTree = "<group>"; };
		18329CF71E10F6B900786F3C /* Pods-UploadImageToComputer.release.xcconfig */ = {isa = PBXFileReference; fileEncoding = 4; lastKnownFileType = text.xcconfig; name = "Pods-UploadImageToComputer.release.xcconfig"; path = "Pods/Target Support Files/Pods-UploadImageToComputer/Pods-UploadImageToComputer.release.xcconfig"; sourceTree = "<group>"; };
		18329CF81E10F6B900786F3C /* Pods-UploadImageToComputer.debug.xcconfig */ = {isa = PBXFileReference; fileEncoding = 4; lastKnownFileType = text.xcconfig; name = "Pods-UploadImageToComputer.debug.xcconfig"; path = "Pods/Target Support Files/Pods-UploadImageToComputer/Pods-UploadImageToComputer.debug.xcconfig"; sourceTree = "<group>"; };
		189354581E0BA1FD006073EB /* UploadImageToComputer.app */ = {isa = PBXFileReference; explicitFileType = wrapper.application; includeInIndex = 0; path = UploadImageToComputer.app; sourceTree = BUILT_PRODUCTS_DIR; };
		189354731E0BA89C006073EB /* Photos.framework */ = {isa = PBXFileReference; lastKnownFileType = wrapper.framework; name = Photos.framework; path = System/Library/Frameworks/Photos.framework; sourceTree = SDKROOT; };
		5A761BB55D47193C7E4D3967 /* libPods-UploadImageToComputer.a */ = {isa = PBXFileReference; explicitFileType = archive.ar; includeInIndex = 0; path = "libPods-UploadImageToComputer.a"; sourceTree = BUILT_PRODUCTS_DIR; };
		DFCFC9155EBDE9E90CEE2F00 /* libPods-UploadIphoneImageToComputer.a */ = {isa = PBXFileReference; explicitFileType = archive.ar; includeInIndex = 0; path = "libPods-UploadIphoneImageToComputer.a"; sourceTree = BUILT_PRODUCTS_DIR; };
/* End PBXFileReference section */

/* Begin PBXFrameworksBuildPhase section */
		189354551E0BA1FD006073EB /* Frameworks */ = {
			isa = PBXFrameworksBuildPhase;
			buildActionMask = 2147483647;
			files = (
				189354741E0BA89C006073EB /* Photos.framework in Frameworks */,
			);
			runOnlyForDeploymentPostprocessing = 0;
		};
/* End PBXFrameworksBuildPhase section */

/* Begin PBXGroup section */
		18329CE91E10F63600786F3C /* Base.lproj */ = {
			isa = PBXGroup;
			children = (
				18329CEA1E10F63600786F3C /* LaunchScreen.storyboard */,
				18329CEC1E10F63600786F3C /* Main.storyboard */,
			);
			path = Base.lproj;
			sourceTree = "<group>";
		};
		1893544F1E0BA1FD006073EB = {
			isa = PBXGroup;
			children = (
				1893545A1E0BA1FD006073EB /* UploadImageToComputer */,
				189354591E0BA1FD006073EB /* Products */,
				189354721E0BA89B006073EB /* Frameworks */,
				BC482E1653F0FE84D8A58225 /* Pods */,
			);
			sourceTree = "<group>";
		};
		189354591E0BA1FD006073EB /* Products */ = {
			isa = PBXGroup;
			children = (
				189354581E0BA1FD006073EB /* UploadImageToComputer.app */,
			);
			name = Products;
			sourceTree = "<group>";
		};
		1893545A1E0BA1FD006073EB /* UploadImageToComputer */ = {
			isa = PBXGroup;
			children = (
				18329CDF1E10F63600786F3C /* AppDelegate.h */,
				18329CE01E10F63600786F3C /* AppDelegate.m */,
				18329CE11E10F63600786F3C /* Info.plist */,
				18329CE21E10F63600786F3C /* ModelImageInfo.h */,
				18329CE31E10F63600786F3C /* ModelImageInfo.m */,
				18329CE41E10F63600786F3C /* ViewController.h */,
				18329CE51E10F63600786F3C /* ViewController.m */,
				18329CE71E10F63600786F3C /* main.m */,
				18329CE81E10F63600786F3C /* Assets.xcassets */,
				18329CE91E10F63600786F3C /* Base.lproj */,
				1893545B1E0BA1FD006073EB /* Supporting Files */,
			);
			path = UploadImageToComputer;
			sourceTree = "<group>";
		};
		1893545B1E0BA1FD006073EB /* Supporting Files */ = {
			isa = PBXGroup;
			children = (
			);
			name = "Supporting Files";
			sourceTree = "<group>";
		};
		189354721E0BA89B006073EB /* Frameworks */ = {
			isa = PBXGroup;
			children = (
				189354731E0BA89C006073EB /* Photos.framework */,
				DFCFC9155EBDE9E90CEE2F00 /* libPods-UploadIphoneImageToComputer.a */,
				5A761BB55D47193C7E4D3967 /* libPods-UploadImageToComputer.a */,
			);
			name = Frameworks;
			sourceTree = "<group>";
		};
		BC482E1653F0FE84D8A58225 /* Pods */ = {
			isa = PBXGroup;
			children = (
				18329CF71E10F6B900786F3C /* Pods-UploadImageToComputer.release.xcconfig */,
				18329CF81E10F6B900786F3C /* Pods-UploadImageToComputer.debug.xcconfig */,
			);
			name = Pods;
			sourceTree = "<group>";
		};
/* End PBXGroup section */

/* Begin PBXNativeTarget section */
		189354571E0BA1FD006073EB /* UploadImageToComputer */ = {
			isa = PBXNativeTarget;
			buildConfigurationList = 1893546F1E0BA1FD006073EB /* Build configuration list for PBXNativeTarget "UploadImageToComputer" */;
			buildPhases = (
				B6D58EAD1F5D75D8C34FA42E /* [CP] Check Pods Manifest.lock */,
				189354541E0BA1FD006073EB /* Sources */,
				189354551E0BA1FD006073EB /* Frameworks */,
				189354561E0BA1FD006073EB /* Resources */,
				2FBD0285C861CE44DF55988B /* [CP] Embed Pods Frameworks */,
				4A28BE618EB4D553E289BA82 /* [CP] Copy Pods Resources */,
			);
			buildRules = (
			);
			dependencies = (
			);
			name = UploadImageToComputer;
			productName = UploadIphoneImageToComputer;
			productReference = 189354581E0BA1FD006073EB /* UploadImageToComputer.app */;
			productType = "com.apple.product-type.application";
		};
/* End PBXNativeTarget section */

/* Begin PBXProject section */
		189354501E0BA1FD006073EB /* Project object */ = {
			isa = PBXProject;
			attributes = {
				LastUpgradeCheck = 0810;
				ORGANIZATIONNAME = coco;
				TargetAttributes = {
					189354571E0BA1FD006073EB = {
						CreatedOnToolsVersion = 8.1;
						ProvisioningStyle = Automatic;
					};
				};
			};
			buildConfigurationList = 189354531E0BA1FD006073EB /* Build configuration list for PBXProject "UploadImageToComputer" */;
			compatibilityVersion = "Xcode 3.2";
			developmentRegion = English;
			hasScannedForEncodings = 0;
			knownRegions = (
				en,
				Base,
			);
			mainGroup = 1893544F1E0BA1FD006073EB;
			productRefGroup = 189354591E0BA1FD006073EB /* Products */;
			projectDirPath = "";
			projectRoot = "";
			targets = (
				189354571E0BA1FD006073EB /* UploadImageToComputer */,
			);
		};
/* End PBXProject section */

/* Begin PBXResourcesBuildPhase section */
		189354561E0BA1FD006073EB /* Resources */ = {
			isa = PBXResourcesBuildPhase;
			buildActionMask = 2147483647;
			files = (
				18329CFA1E10F6B900786F3C /* Pods-UploadImageToComputer.debug.xcconfig in Resources */,
				18329CF61E10F63600786F3C /* Main.storyboard in Resources */,
				18329CF91E10F6B900786F3C /* Pods-UploadImageToComputer.release.xcconfig in Resources */,
				18329CF51E10F63600786F3C /* LaunchScreen.storyboard in Resources */,
				18329CF41E10F63600786F3C /* Assets.xcassets in Resources */,
				18329CEF1E10F63600786F3C /* Info.plist in Resources */,
			);
			runOnlyForDeploymentPostprocessing = 0;
		};
/* End PBXResourcesBuildPhase section */

/* Begin PBXShellScriptBuildPhase section */
		2FBD0285C861CE44DF55988B /* [CP] Embed Pods Frameworks */ = {
			isa = PBXShellScriptBuildPhase;
			buildActionMask = 2147483647;
			files = (
			);
			inputPaths = (
			);
			name = "[CP] Embed Pods Frameworks";
			outputPaths = (
			);
			runOnlyForDeploymentPostprocessing = 0;
			shellPath = /bin/sh;
			shellScript = "\"${SRCROOT}/Pods/Target Support Files/Pods-UploadImageToComputer/Pods-UploadImageToComputer-frameworks.sh\"\n";
			showEnvVarsInLog = 0;
		};
		4A28BE618EB4D553E289BA82 /* [CP] Copy Pods Resources */ = {
			isa = PBXShellScriptBuildPhase;
			buildActionMask = 2147483647;
			files = (
			);
			inputPaths = (
			);
			name = "[CP] Copy Pods Resources";
			outputPaths = (
			);
			runOnlyForDeploymentPostprocessing = 0;
			shellPath = /bin/sh;
			shellScript = "\"${SRCROOT}/Pods/Target Support Files/Pods-UploadImageToComputer/Pods-UploadImageToComputer-resources.sh\"\n";
			showEnvVarsInLog = 0;
		};
		B6D58EAD1F5D75D8C34FA42E /* [CP] Check Pods Manifest.lock */ = {
			isa = PBXShellScriptBuildPhase;
			buildActionMask = 2147483647;
			files = (
			);
			inputPaths = (
			);
			name = "[CP] Check Pods Manifest.lock";
			outputPaths = (
			);
			runOnlyForDeploymentPostprocessing = 0;
			shellPath = /bin/sh;
			shellScript = "diff \"${PODS_ROOT}/../Podfile.lock\" \"${PODS_ROOT}/Manifest.lock\" > /dev/null\nif [ $? != 0 ] ; then\n    # print error to STDERR\n    echo \"error: The sandbox is not in sync with the Podfile.lock. Run 'pod install' or update your CocoaPods installation.\" >&2\n    exit 1\nfi\n";
			showEnvVarsInLog = 0;
		};
/* End PBXShellScriptBuildPhase section */

/* Begin PBXSourcesBuildPhase section */
		189354541E0BA1FD006073EB /* Sources */ = {
			isa = PBXSourcesBuildPhase;
			buildActionMask = 2147483647;
			files = (
				18329CF11E10F63600786F3C /* ViewController.m in Sources */,
				18329CEE1E10F63600786F3C /* AppDelegate.m in Sources */,
				18329CF31E10F63600786F3C /* main.m in Sources */,
				18329CF01E10F63600786F3C /* ModelImageInfo.m in Sources */,
			);
			runOnlyForDeploymentPostprocessing = 0;
		};
/* End PBXSourcesBuildPhase section */

/* Begin PBXVariantGroup section */
		18329CEA1E10F63600786F3C /* LaunchScreen.storyboard */ = {
			isa = PBXVariantGroup;
			children = (
				18329CEB1E10F63600786F3C /* Base */,
			);
			name = LaunchScreen.storyboard;
			sourceTree = "<group>";
		};
		18329CEC1E10F63600786F3C /* Main.storyboard */ = {
			isa = PBXVariantGroup;
			children = (
				18329CED1E10F63600786F3C /* Base */,
			);
			name = Main.storyboard;
			sourceTree = "<group>";
		};
/* End PBXVariantGroup section */

/* Begin XCBuildConfiguration section */
		1893546D1E0BA1FD006073EB /* Debug */ = {
			isa = XCBuildConfiguration;
			buildSettings = {
				ALWAYS_SEARCH_USER_PATHS = NO;
				CLANG_ANALYZER_NONNULL = YES;
				CLANG_CXX_LANGUAGE_STANDARD = "gnu++0x";
				CLANG_CXX_LIBRARY = "libc++";
				CLANG_ENABLE_MODULES = YES;
				CLANG_ENABLE_OBJC_ARC = YES;
				CLANG_WARN_BOOL_CONVERSION = YES;
				CLANG_WARN_CONSTANT_CONVERSION = YES;
				CLANG_WARN_DIRECT_OBJC_ISA_USAGE = YES_ERROR;
				CLANG_WARN_DOCUMENTATION_COMMENTS = YES;
				CLANG_WARN_EMPTY_BODY = YES;
				CLANG_WARN_ENUM_CONVERSION = YES;
				CLANG_WARN_INFINITE_RECURSION = YES;
				CLANG_WARN_INT_CONVERSION = YES;
				CLANG_WARN_OBJC_ROOT_CLASS = YES_ERROR;
				CLANG_WARN_SUSPICIOUS_MOVES = YES;
				CLANG_WARN_UNREACHABLE_CODE = YES;
				CLANG_WARN__DUPLICATE_METHOD_MATCH = YES;
				"CODE_SIGN_IDENTITY[sdk=iphoneos*]" = "iPhone Developer";
				COPY_PHASE_STRIP = NO;
				DEBUG_INFORMATION_FORMAT = dwarf;
				ENABLE_STRICT_OBJC_MSGSEND = YES;
				ENABLE_TESTABILITY = YES;
				GCC_C_LANGUAGE_STANDARD = gnu99;
				GCC_DYNAMIC_NO_PIC = NO;
				GCC_NO_COMMON_BLOCKS = YES;
				GCC_OPTIMIZATION_LEVEL = 0;
				GCC_PREPROCESSOR_DEFINITIONS = (
					"DEBUG=1",
					"$(inherited)",
				);
				GCC_WARN_64_TO_32_BIT_CONVERSION = YES;
				GCC_WARN_ABOUT_RETURN_TYPE = YES_ERROR;
				GCC_WARN_UNDECLARED_SELECTOR = YES;
				GCC_WARN_UNINITIALIZED_AUTOS = YES_AGGRESSIVE;
				GCC_WARN_UNUSED_FUNCTION = YES;
				GCC_WARN_UNUSED_VARIABLE = YES;
				IPHONEOS_DEPLOYMENT_TARGET = 10.1;
				MTL_ENABLE_DEBUG_INFO = YES;
				ONLY_ACTIVE_ARCH = YES;
				SDKROOT = iphoneos;
				TARGETED_DEVICE_FAMILY = "1,2";
			};
			name = Debug;
		};
		1893546E1E0BA1FD006073EB /* Release */ = {
			isa = XCBuildConfiguration;
			buildSettings = {
				ALWAYS_SEARCH_USER_PATHS = NO;
				CLANG_ANALYZER_NONNULL = YES;
				CLANG_CXX_LANGUAGE_STANDARD = "gnu++0x";
				CLANG_CXX_LIBRARY = "libc++";
				CLANG_ENABLE_MODULES = YES;
				CLANG_ENABLE_OBJC_ARC = YES;
				CLANG_WARN_BOOL_CONVERSION = YES;
				CLANG_WARN_CONSTANT_CONVERSION = YES;
				CLANG_WARN_DIRECT_OBJC_ISA_USAGE = YES_ERROR;
				CLANG_WARN_DOCUMENTATION_COMMENTS = YES;
				CLANG_WARN_EMPTY_BODY = YES;
				CLANG_WARN_ENUM_CONVERSION = YES;
				CLANG_WARN_INFINITE_RECURSION = YES;
				CLANG_WARN_INT_CONVERSION = YES;
				CLANG_WARN_OBJC_ROOT_CLASS = YES_ERROR;
				CLANG_WARN_SUSPICIOUS_MOVES = YES;
				CLANG_WARN_UNREACHABLE_CODE = YES;
				CLANG_WARN__DUPLICATE_METHOD_MATCH = YES;
				"CODE_SIGN_IDENTITY[sdk=iphoneos*]" = "iPhone Developer";
				COPY_PHASE_STRIP = NO;
				DEBUG_INFORMATION_FORMAT = "dwarf-with-dsym";
				ENABLE_NS_ASSERTIONS = NO;
				ENABLE_STRICT_OBJC_MSGSEND = YES;
				GCC_C_LANGUAGE_STANDARD = gnu99;
				GCC_NO_COMMON_BLOCKS = YES;
				GCC_WARN_64_TO_32_BIT_CONVERSION = YES;
				GCC_WARN_ABOUT_RETURN_TYPE = YES_ERROR;
				GCC_WARN_UNDECLARED_SELECTOR = YES;
				GCC_WARN_UNINITIALIZED_AUTOS = YES_AGGRESSIVE;
				GCC_WARN_UNUSED_FUNCTION = YES;
				GCC_WARN_UNUSED_VARIABLE = YES;
				IPHONEOS_DEPLOYMENT_TARGET = 10.1;
				MTL_ENABLE_DEBUG_INFO = NO;
				SDKROOT = iphoneos;
				TARGETED_DEVICE_FAMILY = "1,2";
				VALIDATE_PRODUCT = YES;
			};
			name = Release;
		};
		189354701E0BA1FD006073EB /* Debug */ = {
			isa = XCBuildConfiguration;
			baseConfigurationReference = 18329CF81E10F6B900786F3C /* Pods-UploadImageToComputer.debug.xcconfig */;
			buildSettings = {
				ASSETCATALOG_COMPILER_APPICON_NAME = AppIcon;
				DEVELOPMENT_TEAM = "";
				INFOPLIST_FILE = UploadImageToComputer/Info.plist;
				IPHONEOS_DEPLOYMENT_TARGET = 9.1;
				LD_RUNPATH_SEARCH_PATHS = "$(inherited) @executable_path/Frameworks";
				PRODUCT_BUNDLE_IDENTIFIER = com.coco.UploadImageToComputer;
				PRODUCT_NAME = "$(TARGET_NAME)";
				TARGETED_DEVICE_FAMILY = 1;
			};
			name = Debug;
		};
		189354711E0BA1FD006073EB /* Release */ = {
			isa = XCBuildConfiguration;
			baseConfigurationReference = 18329CF71E10F6B900786F3C /* Pods-UploadImageToComputer.release.xcconfig */;
			buildSettings = {
				ASSETCATALOG_COMPILER_APPICON_NAME = AppIcon;
				DEVELOPMENT_TEAM = "";
				INFOPLIST_FILE = UploadImageToComputer/Info.plist;
				IPHONEOS_DEPLOYMENT_TARGET = 9.1;
				LD_RUNPATH_SEARCH_PATHS = "$(inherited) @executable_path/Frameworks";
				PRODUCT_BUNDLE_IDENTIFIER = com.coco.UploadImageToComputer;
				PRODUCT_NAME = "$(TARGET_NAME)";
				TARGETED_DEVICE_FAMILY = 1;
			};
			name = Release;
		};
/* End XCBuildConfiguration section */

/* Begin XCConfigurationList section */
		189354531E0BA1FD006073EB /* Build configuration list for PBXProject "UploadImageToComputer" */ = {
			isa = XCConfigurationList;
			buildConfigurations = (
				1893546D1E0BA1FD006073EB /* Debug */,
				1893546E1E0BA1FD006073EB /* Release */,
			);
			defaultConfigurationIsVisible = 0;
			defaultConfigurationName = Release;
		};
		1893546F1E0BA1FD006073EB /* Build configuration list for PBXNativeTarget "UploadImageToComputer" */ = {
			isa = XCConfigurationList;
			buildConfigurations = (
				189354701E0BA1FD006073EB /* Debug */,
				189354711E0BA1FD006073EB /* Release */,
			);
			defaultConfigurationIsVisible = 0;
			defaultConfigurationName = Release;
		};
/* End XCConfigurationList section */
	};
	rootObject = 189354501E0BA1FD006073EB /* Project object */;
}
